github.com/gofrs/uuid v4.0.0+incompatible h1:1SD/1F5pU8p29ybwgQSwpQk+mwdRrXCYuPhW6m+TnJw=
github.com/gofrs/uuid v4.0.0+incompatible/go.mod h1:b2aQJv3Z4Fp6yNu3cdSllBxTCLRxnplIgP/c0N/04lM=
github.com/julienschmidt/httprouter v1.3.0 h1:U0609e9tgbseu3rBINet9P48AI/D3oJs4dN7jwJOQ1U=
github.com/julienschmidt/httprouter v1.3.0/go.mod h1:JR6WtHb+2LUe8TCKY3cZOxFyyO8IZAc4RVcycCCAKdM=
github.com/pascaldekloe/jwt v1.10.0 h1:ktcIUV4TPvh404R5dIBEnPCsSwj0sqi3/0+XafE5gJs=
github.com/pascaldekloe/jwt v1.10.0/go.mod h1:TKhllgThT7TOP5rGr2zMLKEDZRAgJfBbtKyVeRsNB9A=
